<?xml version="1.0" encoding="utf-8"?>
<Project ToolsVersion="4.0" xmlns="http://schemas.microsoft.com/developer/msbuild/2003">
  <ItemGroup>
    <Filter Include="소스 파일">
      <UniqueIdentifier>{4FC737F1-C7A5-4376-A066-2A32D752A2FF}</UniqueIdentifier>
      <Extensions>cpp;c;cc;cxx;c++;cppm;ixx;def;odl;idl;hpj;bat;asm;asmx</Extensions>
    </Filter>
    <Filter Include="헤더 파일">
      <UniqueIdentifier>{93995380-89BD-4b04-88EB-625FBE52EBFB}</UniqueIdentifier>
      <Extensions>h;hh;hpp;hxx;h++;hm;inl;inc;ipp;xsd</Extensions>
    </Filter>
    <Filter Include="리소스 파일">
      <UniqueIdentifier>{67DA6AB6-F800-4c08-8B7A-83BB121AAD01}</UniqueIdentifier>
      <Extensions>rc;ico;cur;bmp;dlg;rc2;rct;bin;rgs;gif;jpg;jpeg;jpe;resx;tiff;tif;png;wav;mfcribbon-ms</Extensions>
    </Filter>
  </ItemGroup>
  <ItemGroup>
    <Filter Include="Model">
      <UniqueIdentifier>{1a1a1a1a-0001-0001-0001-000000000001}</UniqueIdentifier>
    </Filter>
    <Filter Include="Persistence">
      <UniqueIdentifier>{1a1a1a1a-0001-0001-0001-000000000002}</UniqueIdentifier>
    </Filter>
    <Filter Include="Repository">
      <UniqueIdentifier>{1a1a1a1a-0001-0001-0001-000000000003}</UniqueIdentifier>
    </Filter>
    <Filter Include="Controller">
      <UniqueIdentifier>{1a1a1a1a-0001-0001-0001-000000000004}</UniqueIdentifier>
    </Filter>
    <Filter Include="View">
      <UniqueIdentifier>{1a1a1a1a-0001-0001-0001-000000000005}</UniqueIdentifier>
    </Filter>
    <Filter Include="vendor">
      <UniqueIdentifier>{1a1a1a1a-0001-0001-0001-000000000006}</UniqueIdentifier>
    </Filter>
    <Filter Include="Domain">
      <UniqueIdentifier>{1a1a1a1a-0001-0001-0001-000000000007}</UniqueIdentifier>
    </Filter>
    <Filter Include="Domain\Factory">
      <UniqueIdentifier>{1a1a1a1a-0001-0001-0001-000000000008}</UniqueIdentifier>
    </Filter>
    <Filter Include="Domain\OrderState">
      <UniqueIdentifier>{1a1a1a1a-0001-0001-0001-00000000000c}</UniqueIdentifier>
    </Filter>
    <Filter Include="Service">
      <UniqueIdentifier>{1a1a1a1a-0001-0001-0001-000000000009}</UniqueIdentifier>
    </Filter>
    <Filter Include="Tests">
      <UniqueIdentifier>{1a1a1a1a-0001-0001-0001-00000000000a}</UniqueIdentifier>
    </Filter>
    <Filter Include="Tests\Mocks">
      <UniqueIdentifier>{1a1a1a1a-0001-0001-0001-00000000000b}</UniqueIdentifier>
    </Filter>
  </ItemGroup>
  <ItemGroup>
    <None Include="packages.config" />
  </ItemGroup>
  <ItemGroup>
    <ClCompile Include="main.cpp">
      <Filter>소스 파일</Filter>
    </ClCompile>
    <ClCompile Include="Persistence\JsonFileStore.cpp">
      <Filter>Persistence</Filter>
    </ClCompile>
    <ClCompile Include="Repository\JsonSampleRepository.cpp">
      <Filter>Repository</Filter>
    </ClCompile>
    <ClCompile Include="Repository\JsonOrderRepository.cpp">
      <Filter>Repository</Filter>
    </ClCompile>
    <ClCompile Include="Repository\JsonProductionQueueRepository.cpp">
      <Filter>Repository</Filter>
    </ClCompile>
    <ClCompile Include="Controller\MainController.cpp">
      <Filter>Controller</Filter>
    </ClCompile>
    <ClCompile Include="View\ConsoleView.cpp">
      <Filter>View</Filter>
    </ClCompile>
    <ClCompile Include="Domain\Factory\SampleFactory.cpp">
      <Filter>Domain\Factory</Filter>
    </ClCompile>
    <ClCompile Include="Domain\Factory\OrderFactory.cpp">
      <Filter>Domain\Factory</Filter>
    </ClCompile>
    <ClCompile Include="Domain\OrderState\IOrderState.cpp">
      <Filter>Domain\OrderState</Filter>
    </ClCompile>
    <ClCompile Include="Domain\OrderState\ReservedState.cpp">
      <Filter>Domain\OrderState</Filter>
    </ClCompile>
    <ClCompile Include="Domain\OrderState\ProducingState.cpp">
      <Filter>Domain\OrderState</Filter>
    </ClCompile>
    <ClCompile Include="Domain\OrderState\ConfirmedState.cpp">
      <Filter>Domain\OrderState</Filter>
    </ClCompile>
    <ClCompile Include="Domain\OrderState\ReleasedState.cpp">
      <Filter>Domain\OrderState</Filter>
    </ClCompile>
    <ClCompile Include="Domain\OrderState\RejectedState.cpp">
      <Filter>Domain\OrderState</Filter>
    </ClCompile>
    <ClCompile Include="Service\SampleService.cpp">
      <Filter>Service</Filter>
    </ClCompile>
    <ClCompile Include="Service\OrderService.cpp">
      <Filter>Service</Filter>
    </ClCompile>
    <ClCompile Include="Service\ReleaseService.cpp">
      <Filter>Service</Filter>
    </ClCompile>
    <ClCompile Include="Service\ProductionService.cpp">
      <Filter>Service</Filter>
    </ClCompile>
    <ClCompile Include="Service\MonitorService.cpp">
      <Filter>Service</Filter>
    </ClCompile>
    <ClCompile Include="Tests\SampleFactoryTest.cpp">
      <Filter>Tests</Filter>
    </ClCompile>
    <ClCompile Include="Tests\SampleServiceTest.cpp">
      <Filter>Tests</Filter>
    </ClCompile>
    <ClCompile Include="Tests\OrderFactoryTest.cpp">
      <Filter>Tests</Filter>
    </ClCompile>
    <ClCompile Include="Tests\OrderServiceTest.cpp">
      <Filter>Tests</Filter>
    </ClCompile>
    <ClCompile Include="Tests\ReleaseServiceTest.cpp">
      <Filter>Tests</Filter>
    </ClCompile>
    <ClCompile Include="Tests\OrderStateTest.cpp">
      <Filter>Tests</Filter>
    </ClCompile>
    <ClCompile Include="Tests\ProductionServiceTest.cpp">
      <Filter>Tests</Filter>
    </ClCompile>
    <ClCompile Include="Tests\MonitorServiceTest.cpp">
      <Filter>Tests</Filter>
    </ClCompile>
  </ItemGroup>
  <ItemGroup>
    <ClInclude Include="vendor\nlohmann\json.hpp">
      <Filter>vendor</Filter>
    </ClInclude>
    <ClInclude Include="Model\Sample.h">
      <Filter>Model</Filter>
    </ClInclude>
    <ClInclude Include="Model\Order.h">
      <Filter>Model</Filter>
    </ClInclude>
    <ClInclude Include="Model\ProductionQueueEntry.h">
      <Filter>Model</Filter>
    </ClInclude>
    <ClInclude Include="Persistence\JsonFileStore.h">
      <Filter>Persistence</Filter>
    </ClInclude>
    <ClInclude Include="Repository\ISampleRepository.h">
      <Filter>Repository</Filter>
    </ClInclude>
    <ClInclude Include="Repository\IOrderRepository.h">
      <Filter>Repository</Filter>
    </ClInclude>
    <ClInclude Include="Repository\IProductionQueueRepository.h">
      <Filter>Repository</Filter>
    </ClInclude>
    <ClInclude Include="Repository\JsonSampleRepository.h">
      <Filter>Repository</Filter>
    </ClInclude>
    <ClInclude Include="Repository\JsonOrderRepository.h">
      <Filter>Repository</Filter>
    </ClInclude>
    <ClInclude Include="Repository\JsonProductionQueueRepository.h">
      <Filter>Repository</Filter>
    </ClInclude>
    <ClInclude Include="Controller\MainController.h">
      <Filter>Controller</Filter>
    </ClInclude>
    <ClInclude Include="View\ConsoleView.h">
      <Filter>View</Filter>
    </ClInclude>
    <ClInclude Include="Domain\Factory\SampleFactory.h">
      <Filter>Domain\Factory</Filter>
    </ClInclude>
    <ClInclude Include="Domain\Factory\OrderFactory.h">
      <Filter>Domain\Factory</Filter>
    </ClInclude>
    <ClInclude Include="Domain\OrderState\IOrderState.h">
      <Filter>Domain\OrderState</Filter>
    </ClInclude>
    <ClInclude Include="Domain\OrderState\ReservedState.h">
      <Filter>Domain\OrderState</Filter>
    </ClInclude>
    <ClInclude Include="Domain\OrderState\ProducingState.h">
      <Filter>Domain\OrderState</Filter>
    </ClInclude>
    <ClInclude Include="Domain\OrderState\ConfirmedState.h">
      <Filter>Domain\OrderState</Filter>
    </ClInclude>
    <ClInclude Include="Domain\OrderState\ReleasedState.h">
      <Filter>Domain\OrderState</Filter>
    </ClInclude>
    <ClInclude Include="Domain\OrderState\RejectedState.h">
      <Filter>Domain\OrderState</Filter>
    </ClInclude>
    <ClInclude Include="Service\SampleService.h">
      <Filter>Service</Filter>
    </ClInclude>
    <ClInclude Include="Service\OrderService.h">
      <Filter>Service</Filter>
    </ClInclude>
    <ClInclude Include="Service\ReleaseService.h">
      <Filter>Service</Filter>
    </ClInclude>
    <ClInclude Include="Service\ProductionService.h">
      <Filter>Service</Filter>
    </ClInclude>
    <ClInclude Include="Service\MonitorService.h">
      <Filter>Service</Filter>
    </ClInclude>
    <ClInclude Include="Tests\Mocks\MockSampleRepository.h">
      <Filter>Tests\Mocks</Filter>
    </ClInclude>
    <ClInclude Include="Tests\Mocks\MockOrderRepository.h">
      <Filter>Tests\Mocks</Filter>
    </ClInclude>
    <ClInclude Include="Tests\Mocks\MockProductionQueueRepository.h">
      <Filter>Tests\Mocks</Filter>
    </ClInclude>
  </ItemGroup>
</Project>